// !$*UTF8*$!
{
	archiveVersion = 1;
	classes = {
	};
	objectVersion = 48;
	objects = {

/* Begin PBXBuildFile section */
		0C101C7720975F0A000792B2 /* AMLogger.m in Sources */ = {isa = PBXBuildFile; fileRef = 0C101C7620975F0A000792B2 /* AMLogger.m */; };
		0C16DFAB207C1A0100AA0952 /* AppDelegate.m in Sources */ = {isa = PBXBuildFile; fileRef = 0C16DFAA207C1A0100AA0952 /* AppDelegate.m */; };
		0C16DFAE207C1A0100AA0952 /* AMMainViewController.m in Sources */ = {isa = PBXBuildFile; fileRef = 0C16DFAD207C1A0100AA0952 /* AMMainViewController.m */; };
		0C16DFB0207C1A0100AA0952 /* Assets.xcassets in Resources */ = {isa = PBXBuildFile; fileRef = 0C16DFAF207C1A0100AA0952 /* Assets.xcassets */; };
		0C16DFB3207C1A0100AA0952 /* Main.storyboard in Resources */ = {isa = PBXBuildFile; fileRef = 0C16DFB1207C1A0100AA0952 /* Main.storyboard */; };
		0C16DFB6207C1A0100AA0952 /* main.m in Sources */ = {isa = PBXBuildFile; fileRef = 0C16DFB5207C1A0100AA0952 /* main.m */; };
		0C95DE4D207D1FB300639022 /* AMConnectionHandler.m in Sources */ = {isa = PBXBuildFile; fileRef = 0C95DE4C207D1FB300639022 /* AMConnectionHandler.m */; };
		0C95DE50207D29F400639022 /* AMFileManager.m in Sources */ = {isa = PBXBuildFile; fileRef = 0C95DE4F207D29F400639022 /* AMFileManager.m */; };
		0C9CD9CD2231A18E0020A723 /* CoreFoundation.framework in Frameworks */ = {isa = PBXBuildFile; fileRef = 0C791EF8222F272D00D04DBE /* CoreFoundation.framework */; };
		0CA40BC3207EB7A500789BEB /* AMApp.m in Sources */ = {isa = PBXBuildFile; fileRef = 0CA40BC2207EB7A500789BEB /* AMApp.m */; };
		0CA40BC6207EB96300789BEB /* AMObjcMethod.m in Sources */ = {isa = PBXBuildFile; fileRef = 0CA40BC5207EB96300789BEB /* AMObjcMethod.m */; };
		0CA40BC9207EBAFE00789BEB /* AMObjcClass.m in Sources */ = {isa = PBXBuildFile; fileRef = 0CA40BC8207EBAFE00789BEB /* AMObjcClass.m */; };
		0CA40BCC207ED1A900789BEB /* AMClassDumpParser.m in Sources */ = {isa = PBXBuildFile; fileRef = 0CA40BCB207ED1A900789BEB /* AMClassDumpParser.m */; };
		0CA40BD1207EE38800789BEB /* AMAppManager.m in Sources */ = {isa = PBXBuildFile; fileRef = 0CA40BD0207EE38800789BEB /* AMAppManager.m */; };
		0CEFBF102096468C00B41490 /* AMTweakBuilder.m in Sources */ = {isa = PBXBuildFile; fileRef = 0CEFBF0F2096468C00B41490 /* AMTweakBuilder.m */; };
		4104AE8D231582E800D3C42C /* iproxy in Resources */ = {isa = PBXBuildFile; fileRef = 4104AE8C231582E700D3C42C /* iproxy */; };
		41130D332316D1220045B659 /* AppsCollectionView.m in Sources */ = {isa = PBXBuildFile; fileRef = 41130D322316D1220045B659 /* AppsCollectionView.m */; };
		41130D372316D20D0045B659 /* AppsCollectionViewItem.m in Sources */ = {isa = PBXBuildFile; fileRef = 41130D352316D20D0045B659 /* AppsCollectionViewItem.m */; };
		41130D382316D20D0045B659 /* AppsCollectionViewItem.xib in Resources */ = {isa = PBXBuildFile; fileRef = 41130D362316D20D0045B659 /* AppsCollectionViewItem.xib */; };
		41130D3B2316D8170045B659 /* AppsViewController.m in Sources */ = {isa = PBXBuildFile; fileRef = 41130D3A2316D8170045B659 /* AppsViewController.m */; };
		41130D3D2316FDEC0045B659 /* icon_default.png in Resources */ = {isa = PBXBuildFile; fileRef = 41130D3C2316FDEC0045B659 /* icon_default.png */; };
		412C9E1323284D550017112B /* MenuButton.m in Sources */ = {isa = PBXBuildFile; fileRef = 412C9E1223284D550017112B /* MenuButton.m */; };
		417588582318767A0029840B /* PreferencesViewController.m in Sources */ = {isa = PBXBuildFile; fileRef = 417588572318767A0029840B /* PreferencesViewController.m */; };
		417FF84423FC8F4C0025E67B /* autofill_makedo.sh in Resources */ = {isa = PBXBuildFile; fileRef = 417FF84323FC8F4C0025E67B /* autofill_makedo.sh */; };
		41AF52882329923500E3B506 /* AMR_ANSIEscapeHelper.m in Sources */ = {isa = PBXBuildFile; fileRef = 41AF52872329923400E3B506 /* AMR_ANSIEscapeHelper.m */; };
		41B2801022F49AEA0084FF57 /* AMDeviceManager.m in Sources */ = {isa = PBXBuildFile; fileRef = 41B2800F22F49AEA0084FF57 /* AMDeviceManager.m */; };
		41BE9360230DF3E000C9CEAF /* loadSSH.command in Resources */ = {isa = PBXBuildFile; fileRef = 41BE935F230DF3E000C9CEAF /* loadSSH.command */; };
		41DA0ED0255467A0007312AE /* loadCycript.command in Resources */ = {isa = PBXBuildFile; fileRef = 41DA0ECF255467A0007312AE /* loadCycript.command */; };
		41E03BEE2339311500DB0834 /* WindowController.m in Sources */ = {isa = PBXBuildFile; fileRef = 41E03BED2339311500DB0834 /* WindowController.m */; };
		41EBB1AC2305CBDD00088422 /* icons.iconset in Resources */ = {isa = PBXBuildFile; fileRef = 41EBB1AB2305CBDD00088422 /* icons.iconset */; };
		41F5192D22FDF95400200C2A /* AMManager.m in Sources */ = {isa = PBXBuildFile; fileRef = 41F5192C22FDF95400200C2A /* AMManager.m */; };
		41F519722301CD0000200C2A /* DeviceInfoViewController.m in Sources */ = {isa = PBXBuildFile; fileRef = 41F519712301CD0000200C2A /* DeviceInfoViewController.m */; };
		41F76A7623046E4A00722AD6 /* StringsViewController.m in Sources */ = {isa = PBXBuildFile; fileRef = 41F76A7523046E4A00722AD6 /* StringsViewController.m */; };
		41F7E3EC22FC5FC900F3D402 /* libPods-Dolosoft.a in Frameworks */ = {isa = PBXBuildFile; fileRef = C6F50362FEBA69F0277DD9CC /* libPods-Dolosoft.a */; };
		41F7E42022FC8A4600F3D402 /* AMDevice.m in Sources */ = {isa = PBXBuildFile; fileRef = 41F7E41F22FC8A4600F3D402 /* AMDevice.m */; };
		41F7E42322FCC1D500F3D402 /* InitialViewController.m in Sources */ = {isa = PBXBuildFile; fileRef = 41F7E42222FCC1D500F3D402 /* InitialViewController.m */; };
/* End PBXBuildFile section */

/* Begin PBXContainerItemProxy section */
		0C16DFBD207C1A0100AA0952 /* PBXContainerItemProxy */ = {
			isa = PBXContainerItemProxy;
			containerPortal = 0C16DF9E207C1A0100AA0952 /* Project object */;
			proxyType = 1;
			remoteGlobalIDString = 0C16DFA5207C1A0100AA0952;
			remoteInfo = re_proj;
		};
		0C16DFC8207C1A0100AA0952 /* PBXContainerItemProxy */ = {
			isa = PBXContainerItemProxy;
			containerPortal = 0C16DF9E207C1A0100AA0952 /* Project object */;
			proxyType = 1;
			remoteGlobalIDString = 0C16DFA5207C1A0100AA0952;
			remoteInfo = re_proj;
		};
/* End PBXContainerItemProxy section */

/* Begin PBXFileReference section */
		0C101C7520975F0A000792B2 /* AMLogger.h */ = {isa = PBXFileReference; lastKnownFileType = sourcecode.c.h; path = AMLogger.h; sourceTree = "<group>"; };
		0C101C7620975F0A000792B2 /* AMLogger.m */ = {isa = PBXFileReference; lastKnownFileType = sourcecode.c.objc; path = AMLogger.m; sourceTree = "<group>"; };
		0C16DFA6207C1A0100AA0952 /* Dolosoft.app */ = {isa = PBXFileReference; explicitFileType = wrapper.application; includeInIndex = 0; path = Dolosoft.app; sourceTree = BUILT_PRODUCTS_DIR; };
		0C16DFA9207C1A0100AA0952 /* AppDelegate.h */ = {isa = PBXFileReference; lastKnownFileType = sourcecode.c.h; path = AppDelegate.h; sourceTree = "<group>"; };
		0C16DFAA207C1A0100AA0952 /* AppDelegate.m */ = {isa = PBXFileReference; lastKnownFileType = sourcecode.c.objc; path = AppDelegate.m; sourceTree = "<group>"; };
		0C16DFAC207C1A0100AA0952 /* AMMainViewController.h */ = {isa = PBXFileReference; lastKnownFileType = sourcecode.c.h; path = AMMainViewController.h; sourceTree = "<group>"; };
		0C16DFAD207C1A0100AA0952 /* AMMainViewController.m */ = {isa = PBXFileReference; lastKnownFileType = sourcecode.c.objc; path = AMMainViewController.m; sourceTree = "<group>"; };
		0C16DFAF207C1A0100AA0952 /* Assets.xcassets */ = {isa = PBXFileReference; lastKnownFileType = folder.assetcatalog; path = Assets.xcassets; sourceTree = "<group>"; };
		0C16DFB2207C1A0100AA0952 /* Base */ = {isa = PBXFileReference; lastKnownFileType = file.storyboard; name = Base; path = Base.lproj/Main.storyboard; sourceTree = "<group>"; };
		0C16DFB4207C1A0100AA0952 /* Info.plist */ = {isa = PBXFileReference; lastKnownFileType = text.plist.xml; path = Info.plist; sourceTree = "<group>"; };
		0C16DFB5207C1A0100AA0952 /* main.m */ = {isa = PBXFileReference; lastKnownFileType = sourcecode.c.objc; path = main.m; sourceTree = "<group>"; };
		0C16DFBC207C1A0100AA0952 /* DolosoftTests.xctest */ = {isa = PBXFileReference; explicitFileType = wrapper.cfbundle; includeInIndex = 0; path = DolosoftTests.xctest; sourceTree = BUILT_PRODUCTS_DIR; };
		0C16DFC7207C1A0100AA0952 /* DolosoftUITests.xctest */ = {isa = PBXFileReference; explicitFileType = wrapper.cfbundle; includeInIndex = 0; path = DolosoftUITests.xctest; sourceTree = BUILT_PRODUCTS_DIR; };
		0C791EF8222F272D00D04DBE /* CoreFoundation.framework */ = {isa = PBXFileReference; lastKnownFileType = wrapper.framework; name = CoreFoundation.framework; path = System/Library/Frameworks/CoreFoundation.framework; sourceTree = SDKROOT; };
		0C95DE4B207D1F9900639022 /* AMConnectionHandler.h */ = {isa = PBXFileReference; lastKnownFileType = sourcecode.c.h; path = AMConnectionHandler.h; sourceTree = "<group>"; };
		0C95DE4C207D1FB300639022 /* AMConnectionHandler.m */ = {isa = PBXFileReference; lastKnownFileType = sourcecode.c.objc; path = AMConnectionHandler.m; sourceTree = "<group>"; };
		0C95DE4E207D29E500639022 /* AMFileManager.h */ = {isa = PBXFileReference; lastKnownFileType = sourcecode.c.h; path = AMFileManager.h; sourceTree = "<group>"; };
		0C95DE4F207D29F400639022 /* AMFileManager.m */ = {isa = PBXFileReference; lastKnownFileType = sourcecode.c.objc; path = AMFileManager.m; sourceTree = "<group>"; };
		0CA40BC1207EB78800789BEB /* AMApp.h */ = {isa = PBXFileReference; lastKnownFileType = sourcecode.c.h; path = AMApp.h; sourceTree = "<group>"; };
		0CA40BC2207EB7A500789BEB /* AMApp.m */ = {isa = PBXFileReference; lastKnownFileType = sourcecode.c.objc; path = AMApp.m; sourceTree = "<group>"; };
		0CA40BC4207EB95600789BEB /* AMObjcMethod.h */ = {isa = PBXFileReference; lastKnownFileType = sourcecode.c.h; path = AMObjcMethod.h; sourceTree = "<group>"; };
		0CA40BC5207EB96300789BEB /* AMObjcMethod.m */ = {isa = PBXFileReference; lastKnownFileType = sourcecode.c.objc; path = AMObjcMethod.m; sourceTree = "<group>"; };
		0CA40BC7207EBAF400789BEB /* AMObjcClass.h */ = {isa = PBXFileReference; lastKnownFileType = sourcecode.c.h; path = AMObjcClass.h; sourceTree = "<group>"; };
		0CA40BC8207EBAFE00789BEB /* AMObjcClass.m */ = {isa = PBXFileReference; lastKnownFileType = sourcecode.c.objc; path = AMObjcClass.m; sourceTree = "<group>"; };
		0CA40BCA207ED19D00789BEB /* AMClassDumpParser.h */ = {isa = PBXFileReference; lastKnownFileType = sourcecode.c.h; path = AMClassDumpParser.h; sourceTree = "<group>"; };
		0CA40BCB207ED1A900789BEB /* AMClassDumpParser.m */ = {isa = PBXFileReference; lastKnownFileType = sourcecode.c.objc; path = AMClassDumpParser.m; sourceTree = "<group>"; };
		0CA40BCF207EE37A00789BEB /* AMAppManager.h */ = {isa = PBXFileReference; lastKnownFileType = sourcecode.c.h; path = AMAppManager.h; sourceTree = "<group>"; };
		0CA40BD0207EE38800789BEB /* AMAppManager.m */ = {isa = PBXFileReference; lastKnownFileType = sourcecode.c.objc; path = AMAppManager.m; sourceTree = "<group>"; };
		0CEFBF0E2096468C00B41490 /* AMTweakBuilder.h */ = {isa = PBXFileReference; lastKnownFileType = sourcecode.c.h; path = AMTweakBuilder.h; sourceTree = "<group>"; };
		0CEFBF0F2096468C00B41490 /* AMTweakBuilder.m */ = {isa = PBXFileReference; lastKnownFileType = sourcecode.c.objc; path = AMTweakBuilder.m; sourceTree = "<group>"; };
		4104AE8C231582E700D3C42C /* iproxy */ = {isa = PBXFileReference; lastKnownFileType = "compiled.mach-o.executable"; path = iproxy; sourceTree = "<group>"; };
		4104AE8F2315891C00D3C42C /* libimobiledevice.a */ = {isa = PBXFileReference; lastKnownFileType = archive.ar; name = libimobiledevice.a; path = Libraries/libimobiledevice.a; sourceTree = "<group>"; };
		4104AE912315891E00D3C42C /* libplist.a */ = {isa = PBXFileReference; lastKnownFileType = archive.ar; name = libplist.a; path = Libraries/libplist.a; sourceTree = "<group>"; };
		41130D312316D1220045B659 /* AppsCollectionView.h */ = {isa = PBXFileReference; lastKnownFileType = sourcecode.c.h; path = AppsCollectionView.h; sourceTree = "<group>"; };
		41130D322316D1220045B659 /* AppsCollectionView.m */ = {isa = PBXFileReference; lastKnownFileType = sourcecode.c.objc; path = AppsCollectionView.m; sourceTree = "<group>"; };
		41130D342316D20D0045B659 /* AppsCollectionViewItem.h */ = {isa = PBXFileReference; lastKnownFileType = sourcecode.c.h; path = AppsCollectionViewItem.h; sourceTree = "<group>"; };
		41130D352316D20D0045B659 /* AppsCollectionViewItem.m */ = {isa = PBXFileReference; lastKnownFileType = sourcecode.c.objc; path = AppsCollectionViewItem.m; sourceTree = "<group>"; };
		41130D362316D20D0045B659 /* AppsCollectionViewItem.xib */ = {isa = PBXFileReference; lastKnownFileType = file.xib; path = AppsCollectionViewItem.xib; sourceTree = "<group>"; };
		41130D392316D8170045B659 /* AppsViewController.h */ = {isa = PBXFileReference; lastKnownFileType = sourcecode.c.h; path = AppsViewController.h; sourceTree = "<group>"; };
		41130D3A2316D8170045B659 /* AppsViewController.m */ = {isa = PBXFileReference; lastKnownFileType = sourcecode.c.objc; path = AppsViewController.m; sourceTree = "<group>"; };
		41130D3C2316FDEC0045B659 /* icon_default.png */ = {isa = PBXFileReference; lastKnownFileType = image.png; path = icon_default.png; sourceTree = "<group>"; };
		4117A6C5230C30FC00871C3B /* Macros.pch */ = {isa = PBXFileReference; lastKnownFileType = sourcecode.c.h; path = Macros.pch; sourceTree = "<group>"; };
		412C9E1123284D550017112B /* MenuButton.h */ = {isa = PBXFileReference; lastKnownFileType = sourcecode.c.h; path = MenuButton.h; sourceTree = "<group>"; };
		412C9E1223284D550017112B /* MenuButton.m */ = {isa = PBXFileReference; lastKnownFileType = sourcecode.c.objc; path = MenuButton.m; sourceTree = "<group>"; };
		417588562318767A0029840B /* PreferencesViewController.h */ = {isa = PBXFileReference; lastKnownFileType = sourcecode.c.h; path = PreferencesViewController.h; sourceTree = "<group>"; };
		417588572318767A0029840B /* PreferencesViewController.m */ = {isa = PBXFileReference; lastKnownFileType = sourcecode.c.objc; path = PreferencesViewController.m; sourceTree = "<group>"; };
		417FF84323FC8F4C0025E67B /* autofill_makedo.sh */ = {isa = PBXFileReference; fileEncoding = 4; lastKnownFileType = text.script.sh; path = autofill_makedo.sh; sourceTree = "<group>"; };
		41AE9BA323201C6D00B5A5D0 /* libimobiledevice.a */ = {isa = PBXFileReference; lastKnownFileType = archive.ar; path = libimobiledevice.a; sourceTree = "<group>"; };
		41AE9BA423201C6D00B5A5D0 /* libplist.a */ = {isa = PBXFileReference; lastKnownFileType = archive.ar; path = libplist.a; sourceTree = "<group>"; };
		41AE9BAB23201DE500B5A5D0 /* installation_proxy.h */ = {isa = PBXFileReference; fileEncoding = 4; lastKnownFileType = sourcecode.c.h; path = installation_proxy.h; sourceTree = "<group>"; };
		41AE9BAC23201DE500B5A5D0 /* notification_proxy.h */ = {isa = PBXFileReference; fileEncoding = 4; lastKnownFileType = sourcecode.c.h; path = notification_proxy.h; sourceTree = "<group>"; };
		41AE9BAD23201DE500B5A5D0 /* restore.h */ = {isa = PBXFileReference; fileEncoding = 4; lastKnownFileType = sourcecode.c.h; path = restore.h; sourceTree = "<group>"; };
		41AE9BAE23201DE500B5A5D0 /* mobilebackup.h */ = {isa = PBXFileReference; fileEncoding = 4; lastKnownFileType = sourcecode.c.h; path = mobilebackup.h; sourceTree = "<group>"; };
		41AE9BAF23201DE500B5A5D0 /* misagent.h */ = {isa = PBXFileReference; fileEncoding = 4; lastKnownFileType = sourcecode.c.h; path = misagent.h; sourceTree = "<group>"; };
		41AE9BB023201DE500B5A5D0 /* property_list_service.h */ = {isa = PBXFileReference; fileEncoding = 4; lastKnownFileType = sourcecode.c.h; path = property_list_service.h; sourceTree = "<group>"; };
		41AE9BB123201DE500B5A5D0 /* service.h */ = {isa = PBXFileReference; fileEncoding = 4; lastKnownFileType = sourcecode.c.h; path = service.h; sourceTree = "<group>"; };
		41AE9BB223201DE500B5A5D0 /* mobileactivation.h */ = {isa = PBXFileReference; fileEncoding = 4; lastKnownFileType = sourcecode.c.h; path = mobileactivation.h; sourceTree = "<group>"; };
		41AE9BB323201DE500B5A5D0 /* screenshotr.h */ = {isa = PBXFileReference; fileEncoding = 4; lastKnownFileType = sourcecode.c.h; path = screenshotr.h; sourceTree = "<group>"; };
		41AE9BB423201DE500B5A5D0 /* file_relay.h */ = {isa = PBXFileReference; fileEncoding = 4; lastKnownFileType = sourcecode.c.h; path = file_relay.h; sourceTree = "<group>"; };
		41AE9BB523201DE500B5A5D0 /* heartbeat.h */ = {isa = PBXFileReference; fileEncoding = 4; lastKnownFileType = sourcecode.c.h; path = heartbeat.h; sourceTree = "<group>"; };
		41AE9BB623201DE500B5A5D0 /* mobilebackup2.h */ = {isa = PBXFileReference; fileEncoding = 4; lastKnownFileType = sourcecode.c.h; path = mobilebackup2.h; sourceTree = "<group>"; };
		41AE9BB723201DE500B5A5D0 /* mobile_image_mounter.h */ = {isa = PBXFileReference; fileEncoding = 4; lastKnownFileType = sourcecode.c.h; path = mobile_image_mounter.h; sourceTree = "<group>"; };
		41AE9BB823201DE500B5A5D0 /* lockdown.h */ = {isa = PBXFileReference; fileEncoding = 4; lastKnownFileType = sourcecode.c.h; path = lockdown.h; sourceTree = "<group>"; };
		41AE9BB923201DE500B5A5D0 /* syslog_relay.h */ = {isa = PBXFileReference; fileEncoding = 4; lastKnownFileType = sourcecode.c.h; path = syslog_relay.h; sourceTree = "<group>"; };
		41AE9BBA23201DE500B5A5D0 /* webinspector.h */ = {isa = PBXFileReference; fileEncoding = 4; lastKnownFileType = sourcecode.c.h; path = webinspector.h; sourceTree = "<group>"; };
		41AE9BBB23201DE500B5A5D0 /* libimobiledevice.h */ = {isa = PBXFileReference; fileEncoding = 4; lastKnownFileType = sourcecode.c.h; path = libimobiledevice.h; sourceTree = "<group>"; };
		41AE9BBC23201DE500B5A5D0 /* debugserver.h */ = {isa = PBXFileReference; fileEncoding = 4; lastKnownFileType = sourcecode.c.h; path = debugserver.h; sourceTree = "<group>"; };
		41AE9BBD23201DE500B5A5D0 /* sbservices.h */ = {isa = PBXFileReference; fileEncoding = 4; lastKnownFileType = sourcecode.c.h; path = sbservices.h; sourceTree = "<group>"; };
		41AE9BBE23201DE500B5A5D0 /* diagnostics_relay.h */ = {isa = PBXFileReference; fileEncoding = 4; lastKnownFileType = sourcecode.c.h; path = diagnostics_relay.h; sourceTree = "<group>"; };
		41AE9BBF23201DE500B5A5D0 /* afc.h */ = {isa = PBXFileReference; fileEncoding = 4; lastKnownFileType = sourcecode.c.h; path = afc.h; sourceTree = "<group>"; };
		41AE9BC023201DE500B5A5D0 /* mobilesync.h */ = {isa = PBXFileReference; fileEncoding = 4; lastKnownFileType = sourcecode.c.h; path = mobilesync.h; sourceTree = "<group>"; };
		41AE9BC123201DE500B5A5D0 /* house_arrest.h */ = {isa = PBXFileReference; fileEncoding = 4; lastKnownFileType = sourcecode.c.h; path = house_arrest.h; sourceTree = "<group>"; };
		41AE9BC423201FCA00B5A5D0 /* libimobiledevice.dylib */ = {isa = PBXFileReference; lastKnownFileType = "compiled.mach-o.dylib"; path = libimobiledevice.dylib; sourceTree = "<group>"; };
		41AE9BC6232020DB00B5A5D0 /* libimobiledevice.6.dylib */ = {isa = PBXFileReference; lastKnownFileType = "compiled.mach-o.dylib"; path = libimobiledevice.6.dylib; sourceTree = "<group>"; };
		41AF52862329923400E3B506 /* AMR_ANSIEscapeHelper.h */ = {isa = PBXFileReference; fileEncoding = 4; lastKnownFileType = sourcecode.c.h; path = AMR_ANSIEscapeHelper.h; sourceTree = "<group>"; };
		41AF52872329923400E3B506 /* AMR_ANSIEscapeHelper.m */ = {isa = PBXFileReference; fileEncoding = 4; lastKnownFileType = sourcecode.c.objc; path = AMR_ANSIEscapeHelper.m; sourceTree = "<group>"; };
		41B2800E22F49AEA0084FF57 /* AMDeviceManager.h */ = {isa = PBXFileReference; lastKnownFileType = sourcecode.c.h; path = AMDeviceManager.h; sourceTree = "<group>"; };
		41B2800F22F49AEA0084FF57 /* AMDeviceManager.m */ = {isa = PBXFileReference; lastKnownFileType = sourcecode.c.objc; path = AMDeviceManager.m; sourceTree = "<group>"; };
		41BE935F230DF3E000C9CEAF /* loadSSH.command */ = {isa = PBXFileReference; fileEncoding = 4; lastKnownFileType = text.script.sh; name = loadSSH.command; path = Resources/loadSSH.command; sourceTree = SOURCE_ROOT; };
		41DA0ECF255467A0007312AE /* loadCycript.command */ = {isa = PBXFileReference; fileEncoding = 4; lastKnownFileType = text.script.sh; path = loadCycript.command; sourceTree = "<group>"; };
		41E03BEC2339311500DB0834 /* WindowController.h */ = {isa = PBXFileReference; lastKnownFileType = sourcecode.c.h; path = WindowController.h; sourceTree = "<group>"; };
		41E03BED2339311500DB0834 /* WindowController.m */ = {isa = PBXFileReference; lastKnownFileType = sourcecode.c.objc; path = WindowController.m; sourceTree = "<group>"; };
		41EBB1AB2305CBDD00088422 /* icons.iconset */ = {isa = PBXFileReference; lastKnownFileType = folder.iconset; path = icons.iconset; sourceTree = "<group>"; };
		41F5192B22FDF95300200C2A /* AMManager.h */ = {isa = PBXFileReference; lastKnownFileType = sourcecode.c.h; path = AMManager.h; sourceTree = "<group>"; };
		41F5192C22FDF95400200C2A /* AMManager.m */ = {isa = PBXFileReference; lastKnownFileType = sourcecode.c.objc; path = AMManager.m; sourceTree = "<group>"; };
		41F519702301CD0000200C2A /* DeviceInfoViewController.h */ = {isa = PBXFileReference; lastKnownFileType = sourcecode.c.h; path = DeviceInfoViewController.h; sourceTree = "<group>"; };
		41F519712301CD0000200C2A /* DeviceInfoViewController.m */ = {isa = PBXFileReference; lastKnownFileType = sourcecode.c.objc; path = DeviceInfoViewController.m; sourceTree = "<group>"; };
		41F76A7423046E4A00722AD6 /* StringsViewController.h */ = {isa = PBXFileReference; lastKnownFileType = sourcecode.c.h; path = StringsViewController.h; sourceTree = "<group>"; };
		41F76A7523046E4A00722AD6 /* StringsViewController.m */ = {isa = PBXFileReference; lastKnownFileType = sourcecode.c.objc; path = StringsViewController.m; sourceTree = "<group>"; };
		41F7E41E22FC8A4600F3D402 /* AMDevice.h */ = {isa = PBXFileReference; lastKnownFileType = sourcecode.c.h; path = AMDevice.h; sourceTree = "<group>"; };
		41F7E41F22FC8A4600F3D402 /* AMDevice.m */ = {isa = PBXFileReference; lastKnownFileType = sourcecode.c.objc; path = AMDevice.m; sourceTree = "<group>"; };
		41F7E42122FCC1D500F3D402 /* InitialViewController.h */ = {isa = PBXFileReference; lastKnownFileType = sourcecode.c.h; path = InitialViewController.h; sourceTree = "<group>"; };
		41F7E42222FCC1D500F3D402 /* InitialViewController.m */ = {isa = PBXFileReference; lastKnownFileType = sourcecode.c.objc; path = InitialViewController.m; sourceTree = "<group>"; };
		B9A865B57785B05EFE0A587A /* Pods-Dolosoft.debug.xcconfig */ = {isa = PBXFileReference; includeInIndex = 1; lastKnownFileType = text.xcconfig; name = "Pods-Dolosoft.debug.xcconfig"; path = "Target Support Files/Pods-Dolosoft/Pods-Dolosoft.debug.xcconfig"; sourceTree = "<group>"; };
		BA96C1E77BABAD1A8A1919A6 /* Pods-Dolosoft.release.xcconfig */ = {isa = PBXFileReference; includeInIndex = 1; lastKnownFileType = text.xcconfig; name = "Pods-Dolosoft.release.xcconfig"; path = "Target Support Files/Pods-Dolosoft/Pods-Dolosoft.release.xcconfig"; sourceTree = "<group>"; };
		C6F50362FEBA69F0277DD9CC /* libPods-Dolosoft.a */ = {isa = PBXFileReference; explicitFileType = archive.ar; includeInIndex = 0; path = "libPods-Dolosoft.a"; sourceTree = BUILT_PRODUCTS_DIR; };
/* End PBXFileReference section */

/* Begin PBXFrameworksBuildPhase section */
		0C16DFA3207C1A0100AA0952 /* Frameworks */ = {
			isa = PBXFrameworksBuildPhase;
			buildActionMask = 2147483647;
			files = (
				41F7E3EC22FC5FC900F3D402 /* libPods-Dolosoft.a in Frameworks */,
				0C9CD9CD2231A18E0020A723 /* CoreFoundation.framework in Frameworks */,
			);
			runOnlyForDeploymentPostprocessing = 0;
		};
		0C16DFB9207C1A0100AA0952 /* Frameworks */ = {
			isa = PBXFrameworksBuildPhase;
			buildActionMask = 2147483647;
			files = (
			);
			runOnlyForDeploymentPostprocessing = 0;
		};
		0C16DFC4207C1A0100AA0952 /* Frameworks */ = {
			isa = PBXFrameworksBuildPhase;
			buildActionMask = 2147483647;
			files = (
			);
			runOnlyForDeploymentPostprocessing = 0;
		};
/* End PBXFrameworksBuildPhase section */

/* Begin PBXGroup section */
		0C16DF9D207C1A0100AA0952 = {
			isa = PBXGroup;
			children = (
				41EBB1AB2305CBDD00088422 /* icons.iconset */,
				0C16DFA8207C1A0100AA0952 /* Dolosoft */,
				0C9CD9CA2231959F0020A723 /* Resources */,
				41AE9BA123201C6D00B5A5D0 /* Libraries */,
				0C16DFA7207C1A0100AA0952 /* Products */,
				7B6CFCB687472DC898D536A4 /* Frameworks */,
				11F8A508A0CD87AD94551199 /* Pods */,
			);
			sourceTree = "<group>";
		};
		0C16DFA7207C1A0100AA0952 /* Products */ = {
			isa = PBXGroup;
			children = (
				0C16DFA6207C1A0100AA0952 /* Dolosoft.app */,
				0C16DFBC207C1A0100AA0952 /* DolosoftTests.xctest */,
				0C16DFC7207C1A0100AA0952 /* DolosoftUITests.xctest */,
			);
			name = Products;
			sourceTree = "<group>";
		};
		0C16DFA8207C1A0100AA0952 /* Dolosoft */ = {
			isa = PBXGroup;
			children = (
				0C16DFB1207C1A0100AA0952 /* Main.storyboard */,
				4117A6C5230C30FC00871C3B /* Macros.pch */,
				0C16DFA9207C1A0100AA0952 /* AppDelegate.h */,
				0C16DFAA207C1A0100AA0952 /* AppDelegate.m */,
				41F5192B22FDF95300200C2A /* AMManager.h */,
				41F5192C22FDF95400200C2A /* AMManager.m */,
				41E03BEC2339311500DB0834 /* WindowController.h */,
				41E03BED2339311500DB0834 /* WindowController.m */,
				0C16DFAC207C1A0100AA0952 /* AMMainViewController.h */,
				0C16DFAD207C1A0100AA0952 /* AMMainViewController.m */,
				412C9E1123284D550017112B /* MenuButton.h */,
				412C9E1223284D550017112B /* MenuButton.m */,
				417588562318767A0029840B /* PreferencesViewController.h */,
				417588572318767A0029840B /* PreferencesViewController.m */,
				41130D392316D8170045B659 /* AppsViewController.h */,
				41130D3A2316D8170045B659 /* AppsViewController.m */,
				41130D312316D1220045B659 /* AppsCollectionView.h */,
				41130D322316D1220045B659 /* AppsCollectionView.m */,
				41130D342316D20D0045B659 /* AppsCollectionViewItem.h */,
				41130D352316D20D0045B659 /* AppsCollectionViewItem.m */,
				41130D362316D20D0045B659 /* AppsCollectionViewItem.xib */,
				41F7E42122FCC1D500F3D402 /* InitialViewController.h */,
				41F7E42222FCC1D500F3D402 /* InitialViewController.m */,
				41F519702301CD0000200C2A /* DeviceInfoViewController.h */,
				41F519712301CD0000200C2A /* DeviceInfoViewController.m */,
				41F76A7423046E4A00722AD6 /* StringsViewController.h */,
				41F76A7523046E4A00722AD6 /* StringsViewController.m */,
				41B2800E22F49AEA0084FF57 /* AMDeviceManager.h */,
				41B2800F22F49AEA0084FF57 /* AMDeviceManager.m */,
				41F7E41E22FC8A4600F3D402 /* AMDevice.h */,
				41F7E41F22FC8A4600F3D402 /* AMDevice.m */,
				0C101C7520975F0A000792B2 /* AMLogger.h */,
				0C101C7620975F0A000792B2 /* AMLogger.m */,
				0CEFBF0E2096468C00B41490 /* AMTweakBuilder.h */,
				0CEFBF0F2096468C00B41490 /* AMTweakBuilder.m */,
				0C95DE4E207D29E500639022 /* AMFileManager.h */,
				0C95DE4F207D29F400639022 /* AMFileManager.m */,
				0CA40BCF207EE37A00789BEB /* AMAppManager.h */,
				0CA40BD0207EE38800789BEB /* AMAppManager.m */,
				0CA40BC1207EB78800789BEB /* AMApp.h */,
				0CA40BC2207EB7A500789BEB /* AMApp.m */,
				0CA40BCA207ED19D00789BEB /* AMClassDumpParser.h */,
				0CA40BCB207ED1A900789BEB /* AMClassDumpParser.m */,
				0CA40BC4207EB95600789BEB /* AMObjcMethod.h */,
				0CA40BC5207EB96300789BEB /* AMObjcMethod.m */,
				0CA40BC7207EBAF400789BEB /* AMObjcClass.h */,
				0CA40BC8207EBAFE00789BEB /* AMObjcClass.m */,
				0C95DE4B207D1F9900639022 /* AMConnectionHandler.h */,
				0C95DE4C207D1FB300639022 /* AMConnectionHandler.m */,
				41AF52862329923400E3B506 /* AMR_ANSIEscapeHelper.h */,
				41AF52872329923400E3B506 /* AMR_ANSIEscapeHelper.m */,
				0C16DFAF207C1A0100AA0952 /* Assets.xcassets */,
				0C16DFB4207C1A0100AA0952 /* Info.plist */,
				0C16DFB5207C1A0100AA0952 /* main.m */,
			);
			path = Dolosoft;
			sourceTree = "<group>";
		};
		0C9CD9CA2231959F0020A723 /* Resources */ = {
			isa = PBXGroup;
			children = (
				4104AE8C231582E700D3C42C /* iproxy */,
				41DA0ECF255467A0007312AE /* loadCycript.command */,
				41BE935F230DF3E000C9CEAF /* loadSSH.command */,
				417FF84323FC8F4C0025E67B /* autofill_makedo.sh */,
				41130D3C2316FDEC0045B659 /* icon_default.png */,
			);
			path = Resources;
			sourceTree = "<group>";
		};
		11F8A508A0CD87AD94551199 /* Pods */ = {
			isa = PBXGroup;
			children = (
				B9A865B57785B05EFE0A587A /* Pods-Dolosoft.debug.xcconfig */,
				BA96C1E77BABAD1A8A1919A6 /* Pods-Dolosoft.release.xcconfig */,
			);
			path = Pods;
			sourceTree = "<group>";
		};
		41AE9BA123201C6D00B5A5D0 /* Libraries */ = {
			isa = PBXGroup;
			children = (
				41AE9BC6232020DB00B5A5D0 /* libimobiledevice.6.dylib */,
				41AE9BC423201FCA00B5A5D0 /* libimobiledevice.dylib */,
				41AE9BAA23201DE500B5A5D0 /* libimobiledevice */,
				41AE9BA323201C6D00B5A5D0 /* libimobiledevice.a */,
				41AE9BA423201C6D00B5A5D0 /* libplist.a */,
			);
			path = Libraries;
			sourceTree = SOURCE_ROOT;
		};
		41AE9BAA23201DE500B5A5D0 /* libimobiledevice */ = {
			isa = PBXGroup;
			children = (
				41AE9BAB23201DE500B5A5D0 /* installation_proxy.h */,
				41AE9BAC23201DE500B5A5D0 /* notification_proxy.h */,
				41AE9BAD23201DE500B5A5D0 /* restore.h */,
				41AE9BAE23201DE500B5A5D0 /* mobilebackup.h */,
				41AE9BAF23201DE500B5A5D0 /* misagent.h */,
				41AE9BB023201DE500B5A5D0 /* property_list_service.h */,
				41AE9BB123201DE500B5A5D0 /* service.h */,
				41AE9BB223201DE500B5A5D0 /* mobileactivation.h */,
				41AE9BB323201DE500B5A5D0 /* screenshotr.h */,
				41AE9BB423201DE500B5A5D0 /* file_relay.h */,
				41AE9BB523201DE500B5A5D0 /* heartbeat.h */,
				41AE9BB623201DE500B5A5D0 /* mobilebackup2.h */,
				41AE9BB723201DE500B5A5D0 /* mobile_image_mounter.h */,
				41AE9BB823201DE500B5A5D0 /* lockdown.h */,
				41AE9BB923201DE500B5A5D0 /* syslog_relay.h */,
				41AE9BBA23201DE500B5A5D0 /* webinspector.h */,
				41AE9BBB23201DE500B5A5D0 /* libimobiledevice.h */,
				41AE9BBC23201DE500B5A5D0 /* debugserver.h */,
				41AE9BBD23201DE500B5A5D0 /* sbservices.h */,
				41AE9BBE23201DE500B5A5D0 /* diagnostics_relay.h */,
				41AE9BBF23201DE500B5A5D0 /* afc.h */,
				41AE9BC023201DE500B5A5D0 /* mobilesync.h */,
				41AE9BC123201DE500B5A5D0 /* house_arrest.h */,
			);
			path = libimobiledevice;
			sourceTree = "<group>";
		};
		7B6CFCB687472DC898D536A4 /* Frameworks */ = {
			isa = PBXGroup;
			children = (
				4104AE912315891E00D3C42C /* libplist.a */,
				4104AE8F2315891C00D3C42C /* libimobiledevice.a */,
				C6F50362FEBA69F0277DD9CC /* libPods-Dolosoft.a */,
				0C791EF8222F272D00D04DBE /* CoreFoundation.framework */,
			);
			name = Frameworks;
			sourceTree = "<group>";
		};
/* End PBXGroup section */

/* Begin PBXNativeTarget section */
		0C16DFA5207C1A0100AA0952 /* Dolosoft */ = {
			isa = PBXNativeTarget;
			buildConfigurationList = 0C16DFD0207C1A0100AA0952 /* Build configuration list for PBXNativeTarget "Dolosoft" */;
			buildPhases = (
				0EB607E0FD04FA0B86802269 /* [CP] Check Pods Manifest.lock */,
				0C16DFA2207C1A0100AA0952 /* Sources */,
				0C16DFA3207C1A0100AA0952 /* Frameworks */,
				0C16DFA4207C1A0100AA0952 /* Resources */,
			);
			buildRules = (
			);
			dependencies = (
			);
			name = Dolosoft;
			productName = re_proj;
			productReference = 0C16DFA6207C1A0100AA0952 /* Dolosoft.app */;
			productType = "com.apple.product-type.application";
		};
		0C16DFBB207C1A0100AA0952 /* DolosoftTests */ = {
			isa = PBXNativeTarget;
			buildConfigurationList = 0C16DFD3207C1A0100AA0952 /* Build configuration list for PBXNativeTarget "DolosoftTests" */;
			buildPhases = (
				0C16DFB8207C1A0100AA0952 /* Sources */,
				0C16DFB9207C1A0100AA0952 /* Frameworks */,
				0C16DFBA207C1A0100AA0952 /* Resources */,
			);
			buildRules = (
			);
			dependencies = (
				0C16DFBE207C1A0100AA0952 /* PBXTargetDependency */,
			);
			name = DolosoftTests;
			productName = re_projTests;
			productReference = 0C16DFBC207C1A0100AA0952 /* DolosoftTests.xctest */;
			productType = "com.apple.product-type.bundle.unit-test";
		};
		0C16DFC6207C1A0100AA0952 /* DolosoftUITests */ = {
			isa = PBXNativeTarget;
			buildConfigurationList = 0C16DFD6207C1A0100AA0952 /* Build configuration list for PBXNativeTarget "DolosoftUITests" */;
			buildPhases = (
				0C16DFC3207C1A0100AA0952 /* Sources */,
				0C16DFC4207C1A0100AA0952 /* Frameworks */,
				0C16DFC5207C1A0100AA0952 /* Resources */,
			);
			buildRules = (
			);
			dependencies = (
				0C16DFC9207C1A0100AA0952 /* PBXTargetDependency */,
			);
			name = DolosoftUITests;
			productName = re_projUITests;
			productReference = 0C16DFC7207C1A0100AA0952 /* DolosoftUITests.xctest */;
			productType = "com.apple.product-type.bundle.ui-testing";
		};
/* End PBXNativeTarget section */

/* Begin PBXProject section */
		0C16DF9E207C1A0100AA0952 /* Project object */ = {
			isa = PBXProject;
			attributes = {
				LastUpgradeCheck = 0920;
				ORGANIZATIONNAME = "Ander Moran";
				TargetAttributes = {
					0C16DFA5207C1A0100AA0952 = {
						CreatedOnToolsVersion = 9.2;
						ProvisioningStyle = Automatic;
					};
					0C16DFBB207C1A0100AA0952 = {
						CreatedOnToolsVersion = 9.2;
						ProvisioningStyle = Automatic;
						TestTargetID = 0C16DFA5207C1A0100AA0952;
					};
					0C16DFC6207C1A0100AA0952 = {
						CreatedOnToolsVersion = 9.2;
						ProvisioningStyle = Automatic;
						TestTargetID = 0C16DFA5207C1A0100AA0952;
					};
				};
			};
			buildConfigurationList = 0C16DFA1207C1A0100AA0952 /* Build configuration list for PBXProject "Dolosoft" */;
			compatibilityVersion = "Xcode 8.0";
			developmentRegion = en;
			hasScannedForEncodings = 0;
			knownRegions = (
				en,
				Base,
			);
			mainGroup = 0C16DF9D207C1A0100AA0952;
			productRefGroup = 0C16DFA7207C1A0100AA0952 /* Products */;
			projectDirPath = "";
			projectRoot = "";
			targets = (
				0C16DFA5207C1A0100AA0952 /* Dolosoft */,
				0C16DFBB207C1A0100AA0952 /* DolosoftTests */,
				0C16DFC6207C1A0100AA0952 /* DolosoftUITests */,
			);
		};
/* End PBXProject section */

/* Begin PBXResourcesBuildPhase section */
		0C16DFA4207C1A0100AA0952 /* Resources */ = {
			isa = PBXResourcesBuildPhase;
			buildActionMask = 2147483647;
			files = (
				4104AE8D231582E800D3C42C /* iproxy in Resources */,
				417FF84423FC8F4C0025E67B /* autofill_makedo.sh in Resources */,
				41DA0ED0255467A0007312AE /* loadCycript.command in Resources */,
				41130D382316D20D0045B659 /* AppsCollectionViewItem.xib in Resources */,
				0C16DFB0207C1A0100AA0952 /* Assets.xcassets in Resources */,
				41BE9360230DF3E000C9CEAF /* loadSSH.command in Resources */,
				41130D3D2316FDEC0045B659 /* icon_default.png in Resources */,
				0C16DFB3207C1A0100AA0952 /* Main.storyboard in Resources */,
				41EBB1AC2305CBDD00088422 /* icons.iconset in Resources */,
			);
			runOnlyForDeploymentPostprocessing = 0;
		};
		0C16DFBA207C1A0100AA0952 /* Resources */ = {
			isa = PBXResourcesBuildPhase;
			buildActionMask = 2147483647;
			files = (
			);
			runOnlyForDeploymentPostprocessing = 0;
		};
		0C16DFC5207C1A0100AA0952 /* Resources */ = {
			isa = PBXResourcesBuildPhase;
			buildActionMask = 2147483647;
			files = (
			);
			runOnlyForDeploymentPostprocessing = 0;
		};
/* End PBXResourcesBuildPhase section */

/* Begin PBXShellScriptBuildPhase section */
		0EB607E0FD04FA0B86802269 /* [CP] Check Pods Manifest.lock */ = {
			isa = PBXShellScriptBuildPhase;
			buildActionMask = 2147483647;
			files = (
			);
			inputFileListPaths = (
			);
			inputPaths = (
				"${PODS_PODFILE_DIR_PATH}/Podfile.lock",
				"${PODS_ROOT}/Manifest.lock",
			);
			name = "[CP] Check Pods Manifest.lock";
			outputFileListPaths = (
			);
			outputPaths = (
				"$(DERIVED_FILE_DIR)/Pods-Dolosoft-checkManifestLockResult.txt",
			);
			runOnlyForDeploymentPostprocessing = 0;
			shellPath = /bin/sh;
			shellScript = "diff \"${PODS_PODFILE_DIR_PATH}/Podfile.lock\" \"${PODS_ROOT}/Manifest.lock\" > /dev/null\nif [ $? != 0 ] ; then\n    # print error to STDERR\n    echo \"error: The sandbox is not in sync with the Podfile.lock. Run 'pod install' or update your CocoaPods installation.\" >&2\n    exit 1\nfi\n# This output is used by Xcode 'outputs' to avoid re-running this script phase.\necho \"SUCCESS\" > \"${SCRIPT_OUTPUT_FILE_0}\"\n";
			showEnvVarsInLog = 0;
		};
/* End PBXShellScriptBuildPhase section */

/* Begin PBXSourcesBuildPhase section */
		0C16DFA2207C1A0100AA0952 /* Sources */ = {
			isa = PBXSourcesBuildPhase;
			buildActionMask = 2147483647;
			files = (
				41E03BEE2339311500DB0834 /* WindowController.m in Sources */,
				0CEFBF102096468C00B41490 /* AMTweakBuilder.m in Sources */,
				412C9E1323284D550017112B /* MenuButton.m in Sources */,
				41B2801022F49AEA0084FF57 /* AMDeviceManager.m in Sources */,
				41F519722301CD0000200C2A /* DeviceInfoViewController.m in Sources */,
				41AF52882329923500E3B506 /* AMR_ANSIEscapeHelper.m in Sources */,
				0C95DE50207D29F400639022 /* AMFileManager.m in Sources */,
				0CA40BCC207ED1A900789BEB /* AMClassDumpParser.m in Sources */,
				41130D372316D20D0045B659 /* AppsCollectionViewItem.m in Sources */,
				0C95DE4D207D1FB300639022 /* AMConnectionHandler.m in Sources */,
				0CA40BC9207EBAFE00789BEB /* AMObjcClass.m in Sources */,
				41130D3B2316D8170045B659 /* AppsViewController.m in Sources */,
				41F7E42022FC8A4600F3D402 /* AMDevice.m in Sources */,
				41F7E42322FCC1D500F3D402 /* InitialViewController.m in Sources */,
				417588582318767A0029840B /* PreferencesViewController.m in Sources */,
				0C16DFAE207C1A0100AA0952 /* AMMainViewController.m in Sources */,
				0CA40BD1207EE38800789BEB /* AMAppManager.m in Sources */,
				41F76A7623046E4A00722AD6 /* StringsViewController.m in Sources */,
				0C101C7720975F0A000792B2 /* AMLogger.m in Sources */,
				41F5192D22FDF95400200C2A /* AMManager.m in Sources */,
				0CA40BC6207EB96300789BEB /* AMObjcMethod.m in Sources */,
				0CA40BC3207EB7A500789BEB /* AMApp.m in Sources */,
				0C16DFB6207C1A0100AA0952 /* main.m in Sources */,
				41130D332316D1220045B659 /* AppsCollectionView.m in Sources */,
				0C16DFAB207C1A0100AA0952 /* AppDelegate.m in Sources */,
			);
			runOnlyForDeploymentPostprocessing = 0;
		};
		0C16DFB8207C1A0100AA0952 /* Sources */ = {
			isa = PBXSourcesBuildPhase;
			buildActionMask = 2147483647;
			files = (
			);
			runOnlyForDeploymentPostprocessing = 0;
		};
		0C16DFC3207C1A0100AA0952 /* Sources */ = {
			isa = PBXSourcesBuildPhase;
			buildActionMask = 2147483647;
			files = (
			);
			runOnlyForDeploymentPostprocessing = 0;
		};
/* End PBXSourcesBuildPhase section */

/* Begin PBXTargetDependency section */
		0C16DFBE207C1A0100AA0952 /* PBXTargetDependency */ = {
			isa = PBXTargetDependency;
			target = 0C16DFA5207C1A0100AA0952 /* Dolosoft */;
			targetProxy = 0C16DFBD207C1A0100AA0952 /* PBXContainerItemProxy */;
		};
		0C16DFC9207C1A0100AA0952 /* PBXTargetDependency */ = {
			isa = PBXTargetDependency;
			target = 0C16DFA5207C1A0100AA0952 /* Dolosoft */;
			targetProxy = 0C16DFC8207C1A0100AA0952 /* PBXContainerItemProxy */;
		};
/* End PBXTargetDependency section */

/* Begin PBXVariantGroup section */
		0C16DFB1207C1A0100AA0952 /* Main.storyboard */ = {
			isa = PBXVariantGroup;
			children = (
				0C16DFB2207C1A0100AA0952 /* Base */,
			);
			name = Main.storyboard;
			sourceTree = "<group>";
		};
/* End PBXVariantGroup section */

/* Begin XCBuildConfiguration section */
		0C16DFCE207C1A0100AA0952 /* Debug */ = {
			isa = XCBuildConfiguration;
			buildSettings = {
				ALWAYS_SEARCH_USER_PATHS = NO;
				CLANG_ANALYZER_NONNULL = YES;
				CLANG_ANALYZER_NUMBER_OBJECT_CONVERSION = YES_AGGRESSIVE;
				CLANG_CXX_LANGUAGE_STANDARD = "gnu++14";
				CLANG_CXX_LIBRARY = "libc++";
				CLANG_ENABLE_MODULES = YES;
				CLANG_ENABLE_OBJC_ARC = YES;
				CLANG_WARN_BLOCK_CAPTURE_AUTORELEASING = YES;
				CLANG_WARN_BOOL_CONVERSION = YES;
				CLANG_WARN_COMMA = YES;
				CLANG_WARN_CONSTANT_CONVERSION = YES;
				CLANG_WARN_DIRECT_OBJC_ISA_USAGE = YES_ERROR;
				CLANG_WARN_DOCUMENTATION_COMMENTS = YES;
				CLANG_WARN_EMPTY_BODY = YES;
				CLANG_WARN_ENUM_CONVERSION = YES;
				CLANG_WARN_INFINITE_RECURSION = YES;
				CLANG_WARN_INT_CONVERSION = YES;
				CLANG_WARN_NON_LITERAL_NULL_CONVERSION = YES;
				CLANG_WARN_OBJC_LITERAL_CONVERSION = YES;
				CLANG_WARN_OBJC_ROOT_CLASS = YES_ERROR;
				CLANG_WARN_RANGE_LOOP_ANALYSIS = YES;
				CLANG_WARN_STRICT_PROTOTYPES = YES;
				CLANG_WARN_SUSPICIOUS_MOVE = YES;
				CLANG_WARN_UNGUARDED_AVAILABILITY = YES_AGGRESSIVE;
				CLANG_WARN_UNREACHABLE_CODE = YES;
				CLANG_WARN__DUPLICATE_METHOD_MATCH = YES;
				CODE_SIGN_IDENTITY = "Mac Developer";
				COPY_PHASE_STRIP = NO;
				DEBUG_INFORMATION_FORMAT = dwarf;
				ENABLE_STRICT_OBJC_MSGSEND = YES;
				ENABLE_TESTABILITY = YES;
				GCC_C_LANGUAGE_STANDARD = gnu11;
				GCC_DYNAMIC_NO_PIC = NO;
				GCC_NO_COMMON_BLOCKS = YES;
				GCC_OPTIMIZATION_LEVEL = 0;
				GCC_PREPROCESSOR_DEFINITIONS = (
					"DEBUG=1",
					"$(inherited)",
				);
				GCC_WARN_64_TO_32_BIT_CONVERSION = YES;
				GCC_WARN_ABOUT_RETURN_TYPE = YES_ERROR;
				GCC_WARN_UNDECLARED_SELECTOR = YES;
				GCC_WARN_UNINITIALIZED_AUTOS = YES_AGGRESSIVE;
				GCC_WARN_UNUSED_FUNCTION = YES;
				GCC_WARN_UNUSED_VARIABLE = YES;
				MACOSX_DEPLOYMENT_TARGET = 10.13;
				MTL_ENABLE_DEBUG_INFO = YES;
				ONLY_ACTIVE_ARCH = YES;
				SDKROOT = macosx;
			};
			name = Debug;
		};
		0C16DFCF207C1A0100AA0952 /* Release */ = {
			isa = XCBuildConfiguration;
			buildSettings = {
				ALWAYS_SEARCH_USER_PATHS = NO;
				CLANG_ANALYZER_NONNULL = YES;
				CLANG_ANALYZER_NUMBER_OBJECT_CONVERSION = YES_AGGRESSIVE;
				CLANG_CXX_LANGUAGE_STANDARD = "gnu++14";
				CLANG_CXX_LIBRARY = "libc++";
				CLANG_ENABLE_MODULES = YES;
				CLANG_ENABLE_OBJC_ARC = YES;
				CLANG_WARN_BLOCK_CAPTURE_AUTORELEASING = YES;
				CLANG_WARN_BOOL_CONVERSION = YES;
				CLANG_WARN_COMMA = YES;
				CLANG_WARN_CONSTANT_CONVERSION = YES;
				CLANG_WARN_DIRECT_OBJC_ISA_USAGE = YES_ERROR;
				CLANG_WARN_DOCUMENTATION_COMMENTS = YES;
				CLANG_WARN_EMPTY_BODY = YES;
				CLANG_WARN_ENUM_CONVERSION = YES;
				CLANG_WARN_INFINITE_RECURSION = YES;
				CLANG_WARN_INT_CONVERSION = YES;
				CLANG_WARN_NON_LITERAL_NULL_CONVERSION = YES;
				CLANG_WARN_OBJC_LITERAL_CONVERSION = YES;
				CLANG_WARN_OBJC_ROOT_CLASS = YES_ERROR;
				CLANG_WARN_RANGE_LOOP_ANALYSIS = YES;
				CLANG_WARN_STRICT_PROTOTYPES = YES;
				CLANG_WARN_SUSPICIOUS_MOVE = YES;
				CLANG_WARN_UNGUARDED_AVAILABILITY = YES_AGGRESSIVE;
				CLANG_WARN_UNREACHABLE_CODE = YES;
				CLANG_WARN__DUPLICATE_METHOD_MATCH = YES;
				CODE_SIGN_IDENTITY = "Mac Developer";
				COPY_PHASE_STRIP = NO;
				DEBUG_INFORMATION_FORMAT = "dwarf-with-dsym";
				ENABLE_NS_ASSERTIONS = NO;
				ENABLE_STRICT_OBJC_MSGSEND = YES;
				GCC_C_LANGUAGE_STANDARD = gnu11;
				GCC_NO_COMMON_BLOCKS = YES;
				GCC_WARN_64_TO_32_BIT_CONVERSION = YES;
				GCC_WARN_ABOUT_RETURN_TYPE = YES_ERROR;
				GCC_WARN_UNDECLARED_SELECTOR = YES;
				GCC_WARN_UNINITIALIZED_AUTOS = YES_AGGRESSIVE;
				GCC_WARN_UNUSED_FUNCTION = YES;
				GCC_WARN_UNUSED_VARIABLE = YES;
				MACOSX_DEPLOYMENT_TARGET = 10.13;
				MTL_ENABLE_DEBUG_INFO = NO;
				SDKROOT = macosx;
			};
			name = Release;
		};
		0C16DFD1207C1A0100AA0952 /* Debug */ = {
			isa = XCBuildConfiguration;
			baseConfigurationReference = B9A865B57785B05EFE0A587A /* Pods-Dolosoft.debug.xcconfig */;
			buildSettings = {
				ASSETCATALOG_COMPILER_APPICON_NAME = AppIcon;
				CODE_SIGN_ENTITLEMENTS = Dolosoft/Dolosoft.entitlements;
				CODE_SIGN_STYLE = Automatic;
				COMBINE_HIDPI_IMAGES = YES;
				DEVELOPMENT_TEAM = V9H9RJKQ77;
				FRAMEWORK_SEARCH_PATHS = (
					"$(PROJECT_DIR)",
					"$(PROJECT_DIR)/Libraries",
				);
				GCC_PRECOMPILE_PREFIX_HEADER = YES;
				GCC_PREFIX_HEADER = Dolosoft/Macros.pch;
				HEADER_SEARCH_PATHS = (
					"$(inherited)",
					"\"${PODS_ROOT}/Headers/Public\"",
					"\"${PODS_ROOT}/Headers/Public/NMSSH\"",
					"\"${PODS_ROOT}/Headers/Public/RegExCategories\"",
					"\"$(SRCROOT)/External/\"",
					"$(PROJECT_DIR)/Libraries",
					/usr/local/include,
				);
				INFOPLIST_FILE = Dolosoft/Info.plist;
				LD_RUNPATH_SEARCH_PATHS = "$(inherited) @executable_path/../Frameworks";
				LIBRARY_SEARCH_PATHS = (
					"$(inherited)",
					"$(PROJECT_DIR)",
					"$(PROJECT_DIR)/Libraries",
					/usr/local/lib,
					"$(PROJECT_DIR)/Resources",
				);
				MACOSX_DEPLOYMENT_TARGET = 10.14;
				OTHER_LDFLAGS = (
					"$(inherited)",
					"-ObjC",
					"-l\"NMSSH\"",
					"-l\"RegExCategories\"",
					"-l\"crypto\"",
					"-l\"ssh2\"",
					"-l\"ssl\"",
					"-l\"z\"",
					"-lplist",
					"-framework",
					"\"CFNetwork\"",
					"-limobiledevice",
				);
				PRODUCT_BUNDLE_IDENTIFIER = com.andermoran.Dolosoft;
				PRODUCT_NAME = Dolosoft;
			};
			name = Debug;
		};
		0C16DFD2207C1A0100AA0952 /* Release */ = {
			isa = XCBuildConfiguration;
			baseConfigurationReference = BA96C1E77BABAD1A8A1919A6 /* Pods-Dolosoft.release.xcconfig */;
			buildSettings = {
				ASSETCATALOG_COMPILER_APPICON_NAME = AppIcon;
				CODE_SIGN_ENTITLEMENTS = Dolosoft/Dolosoft.entitlements;
				CODE_SIGN_STYLE = Automatic;
				COMBINE_HIDPI_IMAGES = YES;
				DEVELOPMENT_TEAM = V9H9RJKQ77;
				FRAMEWORK_SEARCH_PATHS = (
					"$(PROJECT_DIR)",
					"$(PROJECT_DIR)/Libraries",
				);
				GCC_PRECOMPILE_PREFIX_HEADER = YES;
				GCC_PREFIX_HEADER = Dolosoft/Macros.pch;
				HEADER_SEARCH_PATHS = (
					"$(inherited)",
					"\"${PODS_ROOT}/Headers/Public\"",
					"\"${PODS_ROOT}/Headers/Public/NMSSH\"",
					"\"${PODS_ROOT}/Headers/Public/RegExCategories\"",
					"\"$(SRCROOT)/External/\"",
					"$(PROJECT_DIR)/Libraries",
					/usr/local/include,
				);
				INFOPLIST_FILE = Dolosoft/Info.plist;
				LD_RUNPATH_SEARCH_PATHS = "$(inherited) @executable_path/../Frameworks";
				LIBRARY_SEARCH_PATHS = (
					"$(inherited)",
					"$(PROJECT_DIR)",
					/usr/local/lib,
					"$(PROJECT_DIR)/Libraries",
					"$(PROJECT_DIR)/Resources",
				);
				MACOSX_DEPLOYMENT_TARGET = 10.14;
				OTHER_LDFLAGS = (
					"$(inherited)",
					"-ObjC",
					"-l\"NMSSH\"",
					"-l\"RegExCategories\"",
					"-l\"crypto\"",
					"-l\"ssh2\"",
					"-l\"ssl\"",
					"-l\"z\"",
					"-lplist",
					"-framework",
					"\"CFNetwork\"",
					"-limobiledevice",
				);
				PRODUCT_BUNDLE_IDENTIFIER = com.andermoran.Dolosoft;
				PRODUCT_NAME = Dolosoft;
			};
			name = Release;
		};
		0C16DFD4207C1A0100AA0952 /* Debug */ = {
			isa = XCBuildConfiguration;
			buildSettings = {
				BUNDLE_LOADER = "$(TEST_HOST)";
				CODE_SIGN_STYLE = Automatic;
				COMBINE_HIDPI_IMAGES = YES;
				DEVELOPMENT_TEAM = V9H9RJKQ77;
				INFOPLIST_FILE = re_projTests/Info.plist;
				LD_RUNPATH_SEARCH_PATHS = "$(inherited) @executable_path/../Frameworks @loader_path/../Frameworks";
				PRODUCT_BUNDLE_IDENTIFIER = "com.andermoran.re-projTests";
				PRODUCT_NAME = "$(TARGET_NAME)";
				TEST_HOST = "$(BUILT_PRODUCTS_DIR)/Dolosoft.app/Contents/MacOS/Dolosoft";
			};
			name = Debug;
		};
		0C16DFD5207C1A0100AA0952 /* Release */ = {
			isa = XCBuildConfiguration;
			buildSettings = {
				BUNDLE_LOADER = "$(TEST_HOST)";
				CODE_SIGN_STYLE = Automatic;
				COMBINE_HIDPI_IMAGES = YES;
				DEVELOPMENT_TEAM = V9H9RJKQ77;
				INFOPLIST_FILE = re_projTests/Info.plist;
				LD_RUNPATH_SEARCH_PATHS = "$(inherited) @executable_path/../Frameworks @loader_path/../Frameworks";
				PRODUCT_BUNDLE_IDENTIFIER = "com.andermoran.re-projTests";
				PRODUCT_NAME = "$(TARGET_NAME)";
				TEST_HOST = "$(BUILT_PRODUCTS_DIR)/Dolosoft.app/Contents/MacOS/Dolosoft";
			};
			name = Release;
		};
		0C16DFD7207C1A0100AA0952 /* Debug */ = {
			isa = XCBuildConfiguration;
			buildSettings = {
				CODE_SIGN_STYLE = Automatic;
				COMBINE_HIDPI_IMAGES = YES;
				DEVELOPMENT_TEAM = V9H9RJKQ77;
				INFOPLIST_FILE = re_projUITests/Info.plist;
				LD_RUNPATH_SEARCH_PATHS = "$(inherited) @executable_path/../Frameworks @loader_path/../Frameworks";
				PRODUCT_BUNDLE_IDENTIFIER = "com.andermoran.re-projUITests";
				PRODUCT_NAME = "$(TARGET_NAME)";
				TEST_TARGET_NAME = re_proj;
			};
			name = Debug;
		};
		0C16DFD8207C1A0100AA0952 /* Release */ = {
			isa = XCBuildConfiguration;
			buildSettings = {
				CODE_SIGN_STYLE = Automatic;
				COMBINE_HIDPI_IMAGES = YES;
				DEVELOPMENT_TEAM = V9H9RJKQ77;
				INFOPLIST_FILE = re_projUITests/Info.plist;
				LD_RUNPATH_SEARCH_PATHS = "$(inherited) @executable_path/../Frameworks @loader_path/../Frameworks";
				PRODUCT_BUNDLE_IDENTIFIER = "com.andermoran.re-projUITests";
				PRODUCT_NAME = "$(TARGET_NAME)";
				TEST_TARGET_NAME = re_proj;
			};
			name = Release;
		};
/* End XCBuildConfiguration section */

/* Begin XCConfigurationList section */
		0C16DFA1207C1A0100AA0952 /* Build configuration list for PBXProject "Dolosoft" */ = {
			isa = XCConfigurationList;
			buildConfigurations = (
				0C16DFCE207C1A0100AA0952 /* Debug */,
				0C16DFCF207C1A0100AA0952 /* Release */,
			);
			defaultConfigurationIsVisible = 0;
			defaultConfigurationName = Release;
		};
		0C16DFD0207C1A0100AA0952 /* Build configuration list for PBXNativeTarget "Dolosoft" */ = {
			isa = XCConfigurationList;
			buildConfigurations = (
				0C16DFD1207C1A0100AA0952 /* Debug */,
				0C16DFD2207C1A0100AA0952 /* Release */,
			);
			defaultConfigurationIsVisible = 0;
			defaultConfigurationName = Release;
		};
		0C16DFD3207C1A0100AA0952 /* Build configuration list for PBXNativeTarget "DolosoftTests" */ = {
			isa = XCConfigurationList;
			buildConfigurations = (
				0C16DFD4207C1A0100AA0952 /* Debug */,
				0C16DFD5207C1A0100AA0952 /* Release */,
			);
			defaultConfigurationIsVisible = 0;
			defaultConfigurationName = Release;
		};
		0C16DFD6207C1A0100AA0952 /* Build configuration list for PBXNativeTarget "DolosoftUITests" */ = {
			isa = XCConfigurationList;
			buildConfigurations = (
				0C16DFD7207C1A0100AA0952 /* Debug */,
				0C16DFD8207C1A0100AA0952 /* Release */,
			);
			defaultConfigurationIsVisible = 0;
			defaultConfigurationName = Release;
		};
/* End XCConfigurationList section */
	};
	rootObject = 0C16DF9E207C1A0100AA0952 /* Project object */;
}
